dependencies:
  espressif/esp32-camera:
    component_hash: null
    source:
      path: C:\GItKraken\ReadMark_Embedded_Code\template-app\components\espressif__esp32-camera
      type: local
    version: 2.0.15
  idf:
    component_hash: null
    source:
      type: idf
    version: 4.4.8
manifest_hash: 185d4db688e7b29c45e75c958cda209dd427c233896c7208745c509f2a0aa295
target: esp32
version: 1.0.0
